// !$*UTF8*$!
{
	archiveVersion = 1;
	classes = {
	};
	objectVersion = 46;
	objects = {

/* Begin PBXBuildFile section */
		41A1707C1D95D4A200593259 /* AppDelegate.swift in Sources */ = {isa = PBXBuildFile; fileRef = 41A1707B1D95D4A200593259 /* AppDelegate.swift */; };
		41A1707E1D95D4A200593259 /* SelectionViewController.swift in Sources */ = {isa = PBXBuildFile; fileRef = 41A1707D1D95D4A200593259 /* SelectionViewController.swift */; };
		41A170811D95D4A200593259 /* Main.storyboard in Resources */ = {isa = PBXBuildFile; fileRef = 41A1707F1D95D4A200593259 /* Main.storyboard */; };
		41A170831D95D4A200593259 /* Assets.xcassets in Resources */ = {isa = PBXBuildFile; fileRef = 41A170821D95D4A200593259 /* Assets.xcassets */; };
		41A170861D95D4A200593259 /* LaunchScreen.storyboard in Resources */ = {isa = PBXBuildFile; fileRef = 41A170841D95D4A200593259 /* LaunchScreen.storyboard */; };
		41A1708E1D95D4DD00593259 /* Choice.swift in Sources */ = {isa = PBXBuildFile; fileRef = 41A1708D1D95D4DD00593259 /* Choice.swift */; };
		41A170901D95D56000593259 /* ResultsViewController.swift in Sources */ = {isa = PBXBuildFile; fileRef = 41A1708F1D95D56000593259 /* ResultsViewController.swift */; };
/* End PBXBuildFile section */

/* Begin PBXFileReference section */
		41A170781D95D4A200593259 /* RockPaperScissors.app */ = {isa = PBXFileReference; explicitFileType = wrapper.application; includeInIndex = 0; path = RockPaperScissors.app; sourceTree = BUILT_PRODUCTS_DIR; };
		41A1707B1D95D4A200593259 /* AppDelegate.swift */ = {isa = PBXFileReference; lastKnownFileType = sourcecode.swift; path = AppDelegate.swift; sourceTree = "<group>"; };
		41A1707D1D95D4A200593259 /* SelectionViewController.swift */ = {isa = PBXFileReference; lastKnownFileType = sourcecode.swift; path = SelectionViewController.swift; sourceTree = "<group>"; };
		41A170801D95D4A200593259 /* Base */ = {isa = PBXFileReference; lastKnownFileType = file.storyboard; name = Base; path = Base.lproj/Main.storyboard; sourceTree = "<group>"; };
		41A170821D95D4A200593259 /* Assets.xcassets */ = {isa = PBXFileReference; lastKnownFileType = folder.assetcatalog; path = Assets.xcassets; sourceTree = "<group>"; };
		41A170851D95D4A200593259 /* Base */ = {isa = PBXFileReference; lastKnownFileType = file.storyboard; name = Base; path = Base.lproj/LaunchScreen.storyboard; sourceTree = "<group>"; };
		41A170871D95D4A200593259 /* Info.plist */ = {isa = PBXFileReference; lastKnownFileType = text.plist.xml; path = Info.plist; sourceTree = "<group>"; };
		41A1708D1D95D4DD00593259 /* Choice.swift */ = {isa = PBXFileReference; fileEncoding = 4; lastKnownFileType = sourcecode.swift; path = Choice.swift; sourceTree = "<group>"; };
		41A1708F1D95D56000593259 /* ResultsViewController.swift */ = {isa = PBXFileReference; fileEncoding = 4; lastKnownFileType = sourcecode.swift; path = ResultsViewController.swift; sourceTree = "<group>"; };
/* End PBXFileReference section */

/* Begin PBXFrameworksBuildPhase section */
		41A170751D95D4A200593259 /* Frameworks */ = {
			isa = PBXFrameworksBuildPhase;
			buildActionMask = 2147483647;
			files = (
			);
			runOnlyForDeploymentPostprocessing = 0;
		};
/* End PBXFrameworksBuildPhase section */

/* Begin PBXGroup section */
		41A1706F1D95D4A200593259 = {
			isa = PBXGroup;
			children = (
				41A1707A1D95D4A200593259 /* RockPaperScissors */,
				41A170791D95D4A200593259 /* Products */,
			);
			sourceTree = "<group>";
		};
		41A170791D95D4A200593259 /* Products */ = {
			isa = PBXGroup;
			children = (
				41A170781D95D4A200593259 /* RockPaperScissors.app */,
			);
			name = Products;
			sourceTree = "<group>";
		};
		41A1707A1D95D4A200593259 /* RockPaperScissors */ = {
			isa = PBXGroup;
			children = (
				41A1707B1D95D4A200593259 /* AppDelegate.swift */,
				41A1708D1D95D4DD00593259 /* Choice.swift */,
				41A1707D1D95D4A200593259 /* SelectionViewController.swift */,
				41A1708F1D95D56000593259 /* ResultsViewController.swift */,
				41A1707F1D95D4A200593259 /* Main.storyboard */,
				41A170821D95D4A200593259 /* Assets.xcassets */,
				41A170841D95D4A200593259 /* LaunchScreen.storyboard */,
				41A170871D95D4A200593259 /* Info.plist */,
			);
			path = RockPaperScissors;
			sourceTree = "<group>";
		};
/* End PBXGroup section */

/* Begin PBXNativeTarget section */
		41A170771D95D4A200593259 /* RockPaperScissors */ = {
			isa = PBXNativeTarget;
			buildConfigurationList = 41A1708A1D95D4A200593259 /* Build configuration list for PBXNativeTarget "RockPaperScissors" */;
			buildPhases = (
				41A170741D95D4A200593259 /* Sources */,
				41A170751D95D4A200593259 /* Frameworks */,
				41A170761D95D4A200593259 /* Resources */,
			);
			buildRules = (
			);
			dependencies = (
			);
			name = RockPaperScissors;
			productName = RockPaperScissors;
			productReference = 41A170781D95D4A200593259 /* RockPaperScissors.app */;
			productType = "com.apple.product-type.application";
		};
/* End PBXNativeTarget section */

/* Begin PBXProject section */
		41A170701D95D4A200593259 /* Project object */ = {
			isa = PBXProject;
			attributes = {
				LastSwiftUpdateCheck = 0800;
				LastUpgradeCheck = 0800;
				ORGANIZATIONNAME = "Donny Davis";
				TargetAttributes = {
					41A170771D95D4A200593259 = {
						CreatedOnToolsVersion = 8.0;
						ProvisioningStyle = Automatic;
					};
				};
			};
			buildConfigurationList = 41A170731D95D4A200593259 /* Build configuration list for PBXProject "RockPaperScissors" */;
			compatibilityVersion = "Xcode 3.2";
			developmentRegion = English;
			hasScannedForEncodings = 0;
			knownRegions = (
				en,
				Base,
			);
			mainGroup = 41A1706F1D95D4A200593259;
			productRefGroup = 41A170791D95D4A200593259 /* Products */;
			projectDirPath = "";
			projectRoot = "";
			targets = (
				41A170771D95D4A200593259 /* RockPaperScissors */,
			);
		};
/* End PBXProject section */

/* Begin PBXResourcesBuildPhase section */
		41A170761D95D4A200593259 /* Resources */ = {
			isa = PBXResourcesBuildPhase;
			buildActionMask = 2147483647;
			files = (
				41A170861D95D4A200593259 /* LaunchScreen.storyboard in Resources */,
				41A170831D95D4A200593259 /* Assets.xcassets in Resources */,
				41A170811D95D4A200593259 /* Main.storyboard in Resources */,
			);
			runOnlyForDeploymentPostprocessing = 0;
		};
/* End PBXResourcesBuildPhase section */

/* Begin PBXSourcesBuildPhase section */
		41A170741D95D4A200593259 /* Sources */ = {
			isa = PBXSourcesBuildPhase;
			buildActionMask = 2147483647;
			files = (
				41A1708E1D95D4DD00593259 /* Choice.swift in Sources */,
				41A1707E1D95D4A200593259 /* SelectionViewController.swift in Sources */,
				41A1707C1D95D4A200593259 /* AppDelegate.swift in Sources */,
				41A170901D95D56000593259 /* ResultsViewController.swift in Sources */,
			);
			runOnlyForDeploymentPostprocessing = 0;
		};
/* End PBXSourcesBuildPhase section */

/* Begin PBXVariantGroup section */
		41A1707F1D95D4A200593259 /* Main.storyboard */ = {
			isa = PBXVariantGroup;
			children = (
				41A170801D95D4A200593259 /* Base */,
			);
			name = Main.storyboard;
			sourceTree = "<group>";
		};
		41A170841D95D4A200593259 /* LaunchScreen.storyboard */ = {
			isa = PBXVariantGroup;
			children = (
				41A170851D95D4A200593259 /* Base */,
			);
			name = LaunchScreen.storyboard;
			sourceTree = "<group>";
		};
/* End PBXVariantGroup section */

/* Begin XCBuildConfiguration section */
		41A170881D95D4A200593259 /* Debug */ = {
			isa = XCBuildConfiguration;
			buildSettings = {
				ALWAYS_SEARCH_USER_PATHS = NO;
				CLANG_ANALYZER_NONNULL = YES;
				CLANG_CXX_LANGUAGE_STANDARD = "gnu++0x";
				CLANG_CXX_LIBRARY = "libc++";
				CLANG_ENABLE_MODULES = YES;
				CLANG_ENABLE_OBJC_ARC = YES;
				CLANG_WARN_BOOL_CONVERSION = YES;
				CLANG_WARN_CONSTANT_CONVERSION = YES;
				CLANG_WARN_DIRECT_OBJC_ISA_USAGE = YES_ERROR;
				CLANG_WARN_DOCUMENTATION_COMMENTS = YES;
				CLANG_WARN_EMPTY_BODY = YES;
				CLANG_WARN_ENUM_CONVERSION = YES;
				CLANG_WARN_INFINITE_RECURSION = YES;
				CLANG_WARN_INT_CONVERSION = YES;
				CLANG_WARN_OBJC_ROOT_CLASS = YES_ERROR;
				CLANG_WARN_SUSPICIOUS_MOVES = YES;
				CLANG_WARN_UNREACHABLE_CODE = YES;
				CLANG_WARN__DUPLICATE_METHOD_MATCH = YES;
				"CODE_SIGN_IDENTITY[sdk=iphoneos*]" = "iPhone Developer";
				COPY_PHASE_STRIP = NO;
				DEBUG_INFORMATION_FORMAT = dwarf;
				ENABLE_STRICT_OBJC_MSGSEND = YES;
				ENABLE_TESTABILITY = YES;
				GCC_C_LANGUAGE_STANDARD = gnu99;
				GCC_DYNAMIC_NO_PIC = NO;
				GCC_NO_COMMON_BLOCKS = YES;
				GCC_OPTIMIZATION_LEVEL = 0;
				GCC_PREPROCESSOR_DEFINITIONS = (
					"DEBUG=1",
					"$(inherited)",
				);
				GCC_WARN_64_TO_32_BIT_CONVERSION = YES;
				GCC_WARN_ABOUT_RETURN_TYPE = YES_ERROR;
				GCC_WARN_UNDECLARED_SELECTOR = YES;
				GCC_WARN_UNINITIALIZED_AUTOS = YES_AGGRESSIVE;
				GCC_WARN_UNUSED_FUNCTION = YES;
				GCC_WARN_UNUSED_VARIABLE = YES;
				IPHONEOS_DEPLOYMENT_TARGET = 10.0;
				MTL_ENABLE_DEBUG_INFO = YES;
				ONLY_ACTIVE_ARCH = YES;
				SDKROOT = iphoneos;
				SWIFT_ACTIVE_COMPILATION_CONDITIONS = DEBUG;
				SWIFT_OPTIMIZATION_LEVEL = "-Onone";
			};
			name = Debug;
		};
		41A170891D95D4A200593259 /* Release */ = {
			isa = XCBuildConfiguration;
			buildSettings = {
				ALWAYS_SEARCH_USER_PATHS = NO;
				CLANG_ANALYZER_NONNULL = YES;
				CLANG_CXX_LANGUAGE_STANDARD = "gnu++0x";
				CLANG_CXX_LIBRARY = "libc++";
				CLANG_ENABLE_MODULES = YES;
				CLANG_ENABLE_OBJC_ARC = YES;
				CLANG_WARN_BOOL_CONVERSION = YES;
				CLANG_WARN_CONSTANT_CONVERSION = YES;
				CLANG_WARN_DIRECT_OBJC_ISA_USAGE = YES_ERROR;
				CLANG_WARN_DOCUMENTATION_COMMENTS = YES;
				CLANG_WARN_EMPTY_BODY = YES;
				CLANG_WARN_ENUM_CONVERSION = YES;
				CLANG_WARN_INFINITE_RECURSION = YES;
				CLANG_WARN_INT_CONVERSION = YES;
				CLANG_WARN_OBJC_ROOT_CLASS = YES_ERROR;
				CLANG_WARN_SUSPICIOUS_MOVES = YES;
				CLANG_WARN_UNREACHABLE_CODE = YES;
				CLANG_WARN__DUPLICATE_METHOD_MATCH = YES;
				"CODE_SIGN_IDENTITY[sdk=iphoneos*]" = "iPhone Developer";
				COPY_PHASE_STRIP = NO;
				DEBUG_INFORMATION_FORMAT = "dwarf-with-dsym";
				ENABLE_NS_ASSERTIONS = NO;
				ENABLE_STRICT_OBJC_MSGSEND = YES;
				GCC_C_LANGUAGE_STANDARD = gnu99;
				GCC_NO_COMMON_BLOCKS = YES;
				GCC_WARN_64_TO_32_BIT_CONVERSION = YES;
				GCC_WARN_ABOUT_RETURN_TYPE = YES_ERROR;
				GCC_WARN_UNDECLARED_SELECTOR = YES;
				GCC_WARN_UNINITIALIZED_AUTOS = YES_AGGRESSIVE;
				GCC_WARN_UNUSED_FUNCTION = YES;
				GCC_WARN_UNUSED_VARIABLE = YES;
				IPHONEOS_DEPLOYMENT_TARGET = 10.0;
				MTL_ENABLE_DEBUG_INFO = NO;
				SDKROOT = iphoneos;
				SWIFT_OPTIMIZATION_LEVEL = "-Owholemodule";
				VALIDATE_PRODUCT = YES;
			};
			name = Release;
		};
		41A1708B1D95D4A200593259 /* Debug */ = {
			isa = XCBuildConfiguration;
			buildSettings = {
				ASSETCATALOG_COMPILER_APPICON_NAME = AppIcon;
				INFOPLIST_FILE = RockPaperScissors/Info.plist;
				LD_RUNPATH_SEARCH_PATHS = "$(inherited) @executable_path/Frameworks";
				PRODUCT_BUNDLE_IDENTIFIER = com.donnywdavis.RockPaperScissors;
				PRODUCT_NAME = "$(TARGET_NAME)";
				SWIFT_VERSION = 3.0;
			};
			name = Debug;
		};
		41A1708C1D95D4A200593259 /* Release */ = {
			isa = XCBuildConfiguration;
			buildSettings = {
				ASSETCATALOG_COMPILER_APPICON_NAME = AppIcon;
				INFOPLIST_FILE = RockPaperScissors/Info.plist;
				LD_RUNPATH_SEARCH_PATHS = "$(inherited) @executable_path/Frameworks";
				PRODUCT_BUNDLE_IDENTIFIER = com.donnywdavis.RockPaperScissors;
				PRODUCT_NAME = "$(TARGET_NAME)";
				SWIFT_VERSION = 3.0;
			};
			name = Release;
		};
/* End XCBuildConfiguration section */

/* Begin XCConfigurationList section */
		41A170731D95D4A200593259 /* Build configuration list for PBXProject "RockPaperScissors" */ = {
			isa = XCConfigurationList;
			buildConfigurations = (
				41A170881D95D4A200593259 /* Debug */,
				41A170891D95D4A200593259 /* Release */,
			);
			defaultConfigurationIsVisible = 0;
			defaultConfigurationName = Release;
		};
		41A1708A1D95D4A200593259 /* Build configuration list for PBXNativeTarget "RockPaperScissors" */ = {
			isa = XCConfigurationList;
			buildConfigurations = (
				41A1708B1D95D4A200593259 /* Debug */,
				41A1708C1D95D4A200593259 /* Release */,
			);
			defaultConfigurationIsVisible = 0;
			defaultConfigurationName = Release;
		};
/* End XCConfigurationList section */
	};
	rootObject = 41A170701D95D4A200593259 /* Project object */;
}
